{
  "name": "html-css-interview-vanilla",
  "version": "1.0.0",
  "lockfileVersion": 1,
  "requires": true,
  "dependencies": {
    "css-reset-and-normalize": {
      "version": "1.0.1",
      "resolved": "https://artifacts.werally.in:443/artifactory/api/npm/npm/css-reset-and-normalize/-/css-reset-and-normalize-1.0.1.tgz?dl=https://registry.npmjs.org/css-reset-and-normalize/-/css-reset-and-normalize-1.0.1.tgz",
      "integrity": "sha1-G1KFek3dNzH7VpcjjGMCHLV2yUw="
    }
  }
}
